
Microsoft Visual Studio Solution File, Format Version 12.00
# Visual Studio 15
VisualStudioVersion = 15.0.27428.2037
MinimumVisualStudioVersion = 10.0.40219.1
Project("{8BC9CEB8-8B4A-11D0-8D11-00A0C91BC942}") = "image_enhance", "image_enhance\image_enhance.vcxproj", "{DEC4DA70-C52A-4001-A672-2F789846605B}"
EndProject
Global
	GlobalSection(SolutionConfigurationPlatforms) = preSolution
		Debug|Win32 = Debug|Win32
		Debug|x64 = Debug|x64
		Release|Win32 = Release|Win32
		Release|x64 = Release|x64
	EndGlobalSection
	GlobalSection(ProjectConfigurationPlatforms) = postSolution
		{DEC4DA70-C52A-4001-A672-2F789846605B}.Debug|Win32.ActiveCfg = Debug|Win32
		{DEC4DA70-C52A-4001-A672-2F789846605B}.Debug|Win32.Build.0 = Debug|Win32
		{DEC4DA70-C52A-4001-A672-2F789846605B}.Debug|x64.ActiveCfg = Debug|x64
		{DEC4DA70-C52A-4001-A672-2F789846605B}.Debug|x64.Build.0 = Debug|x64
		{DEC4DA70-C52A-4001-A672-2F789846605B}.Release|Win32.ActiveCfg = Release|Win32
		{DEC4DA70-C52A-4001-A672-2F789846605B}.Release|Win32.Build.0 = Release|Win32
		{DEC4DA70-C52A-4001-A672-2F789846605B}.Release|x64.ActiveCfg = Release|x64
		{DEC4DA70-C52A-4001-A672-2F789846605B}.Release|x64.Build.0 = Release|x64
	EndGlobalSection
	GlobalSection(SolutionProperties) = preSolution
		HideSolutionNode = FALSE
	EndGlobalSection
	GlobalSection(ExtensibilityGlobals) = postSolution
		SolutionGuid = {EE2543D4-EEAD-4F9A-86F9-3A3704E3810E}
	EndGlobalSection
EndGlobal
